// !$*UTF8*$!
{
	archiveVersion = 1;
	classes = {
	};
	objectVersion = 77;
	objects = {

/* Begin PBXBuildFile section */
		542E77CD2DC3C48400A16B0A /* Reachability in Frameworks */ = {isa = PBXBuildFile; productRef = 542E77CC2DC3C48400A16B0A /* Reachability */; };
/* End PBXBuildFile section */

/* Begin PBXContainerItemProxy section */
		54F45AA92DC3455E008D0A66 /* PBXContainerItemProxy */ = {
			isa = PBXContainerItemProxy;
			containerPortal = 54F45A872DC3455C008D0A66 /* Project object */;
			proxyType = 1;
			remoteGlobalIDString = 54F45A8E2DC3455C008D0A66;
			remoteInfo = ChatBotApp;
		};
		54F45AB32DC3455E008D0A66 /* PBXContainerItemProxy */ = {
			isa = PBXContainerItemProxy;
			containerPortal = 54F45A872DC3455C008D0A66 /* Project object */;
			proxyType = 1;
			remoteGlobalIDString = 54F45A8E2DC3455C008D0A66;
			remoteInfo = ChatBotApp;
		};
/* End PBXContainerItemProxy section */

/* Begin PBXFileReference section */
		54F45A8F2DC3455C008D0A66 /* ChatBotApp.app */ = {isa = PBXFileReference; explicitFileType = wrapper.application; includeInIndex = 0; path = ChatBotApp.app; sourceTree = BUILT_PRODUCTS_DIR; };
		54F45AA82DC3455E008D0A66 /* ChatBotAppTests.xctest */ = {isa = PBXFileReference; explicitFileType = wrapper.cfbundle; includeInIndex = 0; path = ChatBotAppTests.xctest; sourceTree = BUILT_PRODUCTS_DIR; };
		54F45AB22DC3455E008D0A66 /* ChatBotAppUITests.xctest */ = {isa = PBXFileReference; explicitFileType = wrapper.cfbundle; includeInIndex = 0; path = ChatBotAppUITests.xctest; sourceTree = BUILT_PRODUCTS_DIR; };
/* End PBXFileReference section */

/* Begin PBXFileSystemSynchronizedBuildFileExceptionSet section */
		54F45ABA2DC3455E008D0A66 /* Exceptions for "ChatBotApp" folder in "ChatBotApp" target */ = {
			isa = PBXFileSystemSynchronizedBuildFileExceptionSet;
			membershipExceptions = (
				Info.plist,
			);
			target = 54F45A8E2DC3455C008D0A66 /* ChatBotApp */;
		};
/* End PBXFileSystemSynchronizedBuildFileExceptionSet section */

/* Begin PBXFileSystemSynchronizedRootGroup section */
		54F45A912DC3455C008D0A66 /* ChatBotApp */ = {
			isa = PBXFileSystemSynchronizedRootGroup;
			exceptions = (
				54F45ABA2DC3455E008D0A66 /* Exceptions for "ChatBotApp" folder in "ChatBotApp" target */,
			);
			path = ChatBotApp;
			sourceTree = "<group>";
		};
		54F45AAB2DC3455E008D0A66 /* ChatBotAppTests */ = {
			isa = PBXFileSystemSynchronizedRootGroup;
			path = ChatBotAppTests;
			sourceTree = "<group>";
		};
		54F45AB52DC3455E008D0A66 /* ChatBotAppUITests */ = {
			isa = PBXFileSystemSynchronizedRootGroup;
			path = ChatBotAppUITests;
			sourceTree = "<group>";
		};
/* End PBXFileSystemSynchronizedRootGroup section */

/* Begin PBXFrameworksBuildPhase section */
		54F45A8C2DC3455C008D0A66 /* Frameworks */ = {
			isa = PBXFrameworksBuildPhase;
			buildActionMask = 2147483647;
			files = (
				542E77CD2DC3C48400A16B0A /* Reachability in Frameworks */,
			);
			runOnlyForDeploymentPostprocessing = 0;
		};
		54F45AA52DC3455E008D0A66 /* Frameworks */ = {
			isa = PBXFrameworksBuildPhase;
			buildActionMask = 2147483647;
			files = (
			);
			runOnlyForDeploymentPostprocessing = 0;
		};
		54F45AAF2DC3455E008D0A66 /* Frameworks */ = {
			isa = PBXFrameworksBuildPhase;
			buildActionMask = 2147483647;
			files = (
			);
			runOnlyForDeploymentPostprocessing = 0;
		};
/* End PBXFrameworksBuildPhase section */

/* Begin PBXGroup section */
		54F45A862DC3455C008D0A66 = {
			isa = PBXGroup;
			children = (
				54F45A912DC3455C008D0A66 /* ChatBotApp */,
				54F45AAB2DC3455E008D0A66 /* ChatBotAppTests */,
				54F45AB52DC3455E008D0A66 /* ChatBotAppUITests */,
				54F45A902DC3455C008D0A66 /* Products */,
			);
			sourceTree = "<group>";
		};
		54F45A902DC3455C008D0A66 /* Products */ = {
			isa = PBXGroup;
			children = (
				54F45A8F2DC3455C008D0A66 /* ChatBotApp.app */,
				54F45AA82DC3455E008D0A66 /* ChatBotAppTests.xctest */,
				54F45AB22DC3455E008D0A66 /* ChatBotAppUITests.xctest */,
			);
			name = Products;
			sourceTree = "<group>";
		};
/* End PBXGroup section */

/* Begin PBXNativeTarget section */
		54F45A8E2DC3455C008D0A66 /* ChatBotApp */ = {
			isa = PBXNativeTarget;
			buildConfigurationList = 54F45ABB2DC3455E008D0A66 /* Build configuration list for PBXNativeTarget "ChatBotApp" */;
			buildPhases = (
				54F45A8B2DC3455C008D0A66 /* Sources */,
				54F45A8C2DC3455C008D0A66 /* Frameworks */,
				54F45A8D2DC3455C008D0A66 /* Resources */,
			);
			buildRules = (
			);
			dependencies = (
			);
			fileSystemSynchronizedGroups = (
				54F45A912DC3455C008D0A66 /* ChatBotApp */,
			);
			name = ChatBotApp;
			packageProductDependencies = (
				542E77CC2DC3C48400A16B0A /* Reachability */,
			);
			productName = ChatBotApp;
			productReference = 54F45A8F2DC3455C008D0A66 /* ChatBotApp.app */;
			productType = "com.apple.product-type.application";
		};
		54F45AA72DC3455E008D0A66 /* ChatBotAppTests */ = {
			isa = PBXNativeTarget;
			buildConfigurationList = 54F45AC02DC3455E008D0A66 /* Build configuration list for PBXNativeTarget "ChatBotAppTests" */;
			buildPhases = (
				54F45AA42DC3455E008D0A66 /* Sources */,
				54F45AA52DC3455E008D0A66 /* Frameworks */,
				54F45AA62DC3455E008D0A66 /* Resources */,
			);
			buildRules = (
			);
			dependencies = (
				54F45AAA2DC3455E008D0A66 /* PBXTargetDependency */,
			);
			fileSystemSynchronizedGroups = (
				54F45AAB2DC3455E008D0A66 /* ChatBotAppTests */,
			);
			name = ChatBotAppTests;
			packageProductDependencies = (
			);
			productName = ChatBotAppTests;
			productReference = 54F45AA82DC3455E008D0A66 /* ChatBotAppTests.xctest */;
			productType = "com.apple.product-type.bundle.unit-test";
		};
		54F45AB12DC3455E008D0A66 /* ChatBotAppUITests */ = {
			isa = PBXNativeTarget;
			buildConfigurationList = 54F45AC32DC3455E008D0A66 /* Build configuration list for PBXNativeTarget "ChatBotAppUITests" */;
			buildPhases = (
				54F45AAE2DC3455E008D0A66 /* Sources */,
				54F45AAF2DC3455E008D0A66 /* Frameworks */,
				54F45AB02DC3455E008D0A66 /* Resources */,
			);
			buildRules = (
			);
			dependencies = (
				54F45AB42DC3455E008D0A66 /* PBXTargetDependency */,
			);
			fileSystemSynchronizedGroups = (
				54F45AB52DC3455E008D0A66 /* ChatBotAppUITests */,
			);
			name = ChatBotAppUITests;
			packageProductDependencies = (
			);
			productName = ChatBotAppUITests;
			productReference = 54F45AB22DC3455E008D0A66 /* ChatBotAppUITests.xctest */;
			productType = "com.apple.product-type.bundle.ui-testing";
		};
/* End PBXNativeTarget section */

/* Begin PBXProject section */
		54F45A872DC3455C008D0A66 /* Project object */ = {
			isa = PBXProject;
			attributes = {
				BuildIndependentTargetsInParallel = 1;
				LastSwiftUpdateCheck = 1620;
				LastUpgradeCheck = 1620;
				TargetAttributes = {
					54F45A8E2DC3455C008D0A66 = {
						CreatedOnToolsVersion = 16.2;
					};
					54F45AA72DC3455E008D0A66 = {
						CreatedOnToolsVersion = 16.2;
						TestTargetID = 54F45A8E2DC3455C008D0A66;
					};
					54F45AB12DC3455E008D0A66 = {
						CreatedOnToolsVersion = 16.2;
						TestTargetID = 54F45A8E2DC3455C008D0A66;
					};
				};
			};
			buildConfigurationList = 54F45A8A2DC3455C008D0A66 /* Build configuration list for PBXProject "ChatBotApp" */;
			developmentRegion = en;
			hasScannedForEncodings = 0;
			knownRegions = (
				en,
				Base,
			);
			mainGroup = 54F45A862DC3455C008D0A66;
			minimizedProjectReferenceProxies = 1;
			packageReferences = (
				542E77CB2DC3C48400A16B0A /* XCRemoteSwiftPackageReference "Reachability" */,
			);
			preferredProjectObjectVersion = 77;
			productRefGroup = 54F45A902DC3455C008D0A66 /* Products */;
			projectDirPath = "";
			projectRoot = "";
			targets = (
				54F45A8E2DC3455C008D0A66 /* ChatBotApp */,
				54F45AA72DC3455E008D0A66 /* ChatBotAppTests */,
				54F45AB12DC3455E008D0A66 /* ChatBotAppUITests */,
			);
		};
/* End PBXProject section */

/* Begin PBXResourcesBuildPhase section */
		54F45A8D2DC3455C008D0A66 /* Resources */ = {
			isa = PBXResourcesBuildPhase;
			buildActionMask = 2147483647;
			files = (
			);
			runOnlyForDeploymentPostprocessing = 0;
		};
		54F45AA62DC3455E008D0A66 /* Resources */ = {
			isa = PBXResourcesBuildPhase;
			buildActionMask = 2147483647;
			files = (
			);
			runOnlyForDeploymentPostprocessing = 0;
		};
		54F45AB02DC3455E008D0A66 /* Resources */ = {
			isa = PBXResourcesBuildPhase;
			buildActionMask = 2147483647;
			files = (
			);
			runOnlyForDeploymentPostprocessing = 0;
		};
/* End PBXResourcesBuildPhase section */

/* Begin PBXSourcesBuildPhase section */
		54F45A8B2DC3455C008D0A66 /* Sources */ = {
			isa = PBXSourcesBuildPhase;
			buildActionMask = 2147483647;
			files = (
			);
			runOnlyForDeploymentPostprocessing = 0;
		};
		54F45AA42DC3455E008D0A66 /* Sources */ = {
			isa = PBXSourcesBuildPhase;
			buildActionMask = 2147483647;
			files = (
			);
			runOnlyForDeploymentPostprocessing = 0;
		};
		54F45AAE2DC3455E008D0A66 /* Sources */ = {
			isa = PBXSourcesBuildPhase;
			buildActionMask = 2147483647;
			files = (
			);
			runOnlyForDeploymentPostprocessing = 0;
		};
/* End PBXSourcesBuildPhase section */

/* Begin PBXTargetDependency section */
		54F45AAA2DC3455E008D0A66 /* PBXTargetDependency */ = {
			isa = PBXTargetDependency;
			target = 54F45A8E2DC3455C008D0A66 /* ChatBotApp */;
			targetProxy = 54F45AA92DC3455E008D0A66 /* PBXContainerItemProxy */;
		};
		54F45AB42DC3455E008D0A66 /* PBXTargetDependency */ = {
			isa = PBXTargetDependency;
			target = 54F45A8E2DC3455C008D0A66 /* ChatBotApp */;
			targetProxy = 54F45AB32DC3455E008D0A66 /* PBXContainerItemProxy */;
		};
/* End PBXTargetDependency section */

/* Begin XCBuildConfiguration section */
		54F45ABC2DC3455E008D0A66 /* Debug */ = {
			isa = XCBuildConfiguration;
			buildSettings = {
				ASSETCATALOG_COMPILER_APPICON_NAME = AppIcon;
				ASSETCATALOG_COMPILER_GLOBAL_ACCENT_COLOR_NAME = AccentColor;
				CODE_SIGN_IDENTITY = "Apple Development";
				CODE_SIGN_STYLE = Automatic;
				CURRENT_PROJECT_VERSION = 1;
				DEVELOPMENT_TEAM = 5Q7A7J8WNZ;
				GENERATE_INFOPLIST_FILE = YES;
				INFOPLIST_FILE = ChatBotApp/Info.plist;
				INFOPLIST_KEY_UIApplicationSupportsIndirectInputEvents = YES;
				INFOPLIST_KEY_UILaunchStoryboardName = LaunchScreen;
				INFOPLIST_KEY_UISupportedInterfaceOrientations_iPad = "UIInterfaceOrientationPortrait UIInterfaceOrientationPortraitUpsideDown UIInterfaceOrientationLandscapeLeft UIInterfaceOrientationLandscapeRight";
				INFOPLIST_KEY_UISupportedInterfaceOrientations_iPhone = "UIInterfaceOrientationPortrait UIInterfaceOrientationLandscapeLeft UIInterfaceOrientationLandscapeRight";
				LD_RUNPATH_SEARCH_PATHS = (
					"$(inherited)",
					"@executable_path/Frameworks",
				);
				MARKETING_VERSION = 1.0;
				PRODUCT_BUNDLE_IDENTIFIER = com.nishant.ChatBotApp;
				PRODUCT_NAME = "$(TARGET_NAME)";
				PROVISIONING_PROFILE_SPECIFIER = "";
				SWIFT_EMIT_LOC_STRINGS = YES;
				SWIFT_VERSION = 5.0;
				TARGETED_DEVICE_FAMILY = "1,2";
			};
			name = Debug;
		};
		54F45ABD2DC3455E008D0A66 /* Release */ = {
			isa = XCBuildConfiguration;
			buildSettings = {
				ASSETCATALOG_COMPILER_APPICON_NAME = AppIcon;
				ASSETCATALOG_COMPILER_GLOBAL_ACCENT_COLOR_NAME = AccentColor;
				CODE_SIGN_IDENTITY = "Apple Development";
				CODE_SIGN_STYLE = Automatic;
				CURRENT_PROJECT_VERSION = 1;
				DEVELOPMENT_TEAM = 5Q7A7J8WNZ;
				GENERATE_INFOPLIST_FILE = YES;
				INFOPLIST_FILE = ChatBotApp/Info.plist;
				INFOPLIST_KEY_UIApplicationSupportsIndirectInputEvents = YES;
				INFOPLIST_KEY_UILaunchStoryboardName = LaunchScreen;
				INFOPLIST_KEY_UISupportedInterfaceOrientations_iPad = "UIInterfaceOrientationPortrait UIInterfaceOrientationPortraitUpsideDown UIInterfaceOrientationLandscapeLeft UIInterfaceOrientationLandscapeRight";
				INFOPLIST_KEY_UISupportedInterfaceOrientations_iPhone = "UIInterfaceOrientationPortrait UIInterfaceOrientationLandscapeLeft UIInterfaceOrientationLandscapeRight";
				LD_RUNPATH_SEARCH_PATHS = (
					"$(inherited)",
					"@executable_path/Frameworks",
				);
				MARKETING_VERSION = 1.0;
				PRODUCT_BUNDLE_IDENTIFIER = com.nishant.ChatBotApp;
				PRODUCT_NAME = "$(TARGET_NAME)";
				PROVISIONING_PROFILE_SPECIFIER = "";
				SWIFT_EMIT_LOC_STRINGS = YES;
				SWIFT_VERSION = 5.0;
				TARGETED_DEVICE_FAMILY = "1,2";
			};
			name = Release;
		};
		54F45ABE2DC3455E008D0A66 /* Debug */ = {
			isa = XCBuildConfiguration;
			buildSettings = {
				ALWAYS_SEARCH_USER_PATHS = NO;
				ASSETCATALOG_COMPILER_GENERATE_SWIFT_ASSET_SYMBOL_EXTENSIONS = YES;
				CLANG_ANALYZER_NONNULL = YES;
				CLANG_ANALYZER_NUMBER_OBJECT_CONVERSION = YES_AGGRESSIVE;
				CLANG_CXX_LANGUAGE_STANDARD = "gnu++20";
				CLANG_ENABLE_MODULES = YES;
				CLANG_ENABLE_OBJC_ARC = YES;
				CLANG_ENABLE_OBJC_WEAK = YES;
				CLANG_WARN_BLOCK_CAPTURE_AUTORELEASING = YES;
				CLANG_WARN_BOOL_CONVERSION = YES;
				CLANG_WARN_COMMA = YES;
				CLANG_WARN_CONSTANT_CONVERSION = YES;
				CLANG_WARN_DEPRECATED_OBJC_IMPLEMENTATIONS = YES;
				CLANG_WARN_DIRECT_OBJC_ISA_USAGE = YES_ERROR;
				CLANG_WARN_DOCUMENTATION_COMMENTS = YES;
				CLANG_WARN_EMPTY_BODY = YES;
				CLANG_WARN_ENUM_CONVERSION = YES;
				CLANG_WARN_INFINITE_RECURSION = YES;
				CLANG_WARN_INT_CONVERSION = YES;
				CLANG_WARN_NON_LITERAL_NULL_CONVERSION = YES;
				CLANG_WARN_OBJC_IMPLICIT_RETAIN_SELF = YES;
				CLANG_WARN_OBJC_LITERAL_CONVERSION = YES;
				CLANG_WARN_OBJC_ROOT_CLASS = YES_ERROR;
				CLANG_WARN_QUOTED_INCLUDE_IN_FRAMEWORK_HEADER = YES;
				CLANG_WARN_RANGE_LOOP_ANALYSIS = YES;
				CLANG_WARN_STRICT_PROTOTYPES = YES;
				CLANG_WARN_SUSPICIOUS_MOVE = YES;
				CLANG_WARN_UNGUARDED_AVAILABILITY = YES_AGGRESSIVE;
				CLANG_WARN_UNREACHABLE_CODE = YES;
				CLANG_WARN__DUPLICATE_METHOD_MATCH = YES;
				COPY_PHASE_STRIP = NO;
				DEBUG_INFORMATION_FORMAT = dwarf;
				ENABLE_STRICT_OBJC_MSGSEND = YES;
				ENABLE_TESTABILITY = YES;
				ENABLE_USER_SCRIPT_SANDBOXING = YES;
				GCC_C_LANGUAGE_STANDARD = gnu17;
				GCC_DYNAMIC_NO_PIC = NO;
				GCC_NO_COMMON_BLOCKS = YES;
				GCC_OPTIMIZATION_LEVEL = 0;
				GCC_PREPROCESSOR_DEFINITIONS = (
					"DEBUG=1",
					"$(inherited)",
				);
				GCC_WARN_64_TO_32_BIT_CONVERSION = YES;
				GCC_WARN_ABOUT_RETURN_TYPE = YES_ERROR;
				GCC_WARN_UNDECLARED_SELECTOR = YES;
				GCC_WARN_UNINITIALIZED_AUTOS = YES_AGGRESSIVE;
				GCC_WARN_UNUSED_FUNCTION = YES;
				GCC_WARN_UNUSED_VARIABLE = YES;
				IPHONEOS_DEPLOYMENT_TARGET = 18.2;
				LOCALIZATION_PREFERS_STRING_CATALOGS = YES;
				MTL_ENABLE_DEBUG_INFO = INCLUDE_SOURCE;
				MTL_FAST_MATH = YES;
				ONLY_ACTIVE_ARCH = YES;
				SDKROOT = iphoneos;
				SWIFT_ACTIVE_COMPILATION_CONDITIONS = "DEBUG $(inherited)";
				SWIFT_OPTIMIZATION_LEVEL = "-Onone";
			};
			name = Debug;
		};
		54F45ABF2DC3455E008D0A66 /* Release */ = {
			isa = XCBuildConfiguration;
			buildSettings = {
				ALWAYS_SEARCH_USER_PATHS = NO;
				ASSETCATALOG_COMPILER_GENERATE_SWIFT_ASSET_SYMBOL_EXTENSIONS = YES;
				CLANG_ANALYZER_NONNULL = YES;
				CLANG_ANALYZER_NUMBER_OBJECT_CONVERSION = YES_AGGRESSIVE;
				CLANG_CXX_LANGUAGE_STANDARD = "gnu++20";
				CLANG_ENABLE_MODULES = YES;
				CLANG_ENABLE_OBJC_ARC = YES;
				CLANG_ENABLE_OBJC_WEAK = YES;
				CLANG_WARN_BLOCK_CAPTURE_AUTORELEASING = YES;
				CLANG_WARN_BOOL_CONVERSION = YES;
				CLANG_WARN_COMMA = YES;
				CLANG_WARN_CONSTANT_CONVERSION = YES;
				CLANG_WARN_DEPRECATED_OBJC_IMPLEMENTATIONS = YES;
				CLANG_WARN_DIRECT_OBJC_ISA_USAGE = YES_ERROR;
				CLANG_WARN_DOCUMENTATION_COMMENTS = YES;
				CLANG_WARN_EMPTY_BODY = YES;
				CLANG_WARN_ENUM_CONVERSION = YES;
				CLANG_WARN_INFINITE_RECURSION = YES;
				CLANG_WARN_INT_CONVERSION = YES;
				CLANG_WARN_NON_LITERAL_NULL_CONVERSION = YES;
				CLANG_WARN_OBJC_IMPLICIT_RETAIN_SELF = YES;
				CLANG_WARN_OBJC_LITERAL_CONVERSION = YES;
				CLANG_WARN_OBJC_ROOT_CLASS = YES_ERROR;
				CLANG_WARN_QUOTED_INCLUDE_IN_FRAMEWORK_HEADER = YES;
				CLANG_WARN_RANGE_LOOP_ANALYSIS = YES;
				CLANG_WARN_STRICT_PROTOTYPES = YES;
				CLANG_WARN_SUSPICIOUS_MOVE = YES;
				CLANG_WARN_UNGUARDED_AVAILABILITY = YES_AGGRESSIVE;
				CLANG_WARN_UNREACHABLE_CODE = YES;
				CLANG_WARN__DUPLICATE_METHOD_MATCH = YES;
				COPY_PHASE_STRIP = NO;
				DEBUG_INFORMATION_FORMAT = "dwarf-with-dsym";
				ENABLE_NS_ASSERTIONS = NO;
				ENABLE_STRICT_OBJC_MSGSEND = YES;
				ENABLE_USER_SCRIPT_SANDBOXING = YES;
				GCC_C_LANGUAGE_STANDARD = gnu17;
				GCC_NO_COMMON_BLOCKS = YES;
				GCC_WARN_64_TO_32_BIT_CONVERSION = YES;
				GCC_WARN_ABOUT_RETURN_TYPE = YES_ERROR;
				GCC_WARN_UNDECLARED_SELECTOR = YES;
				GCC_WARN_UNINITIALIZED_AUTOS = YES_AGGRESSIVE;
				GCC_WARN_UNUSED_FUNCTION = YES;
				GCC_WARN_UNUSED_VARIABLE = YES;
				IPHONEOS_DEPLOYMENT_TARGET = 18.2;
				LOCALIZATION_PREFERS_STRING_CATALOGS = YES;
				MTL_ENABLE_DEBUG_INFO = NO;
				MTL_FAST_MATH = YES;
				SDKROOT = iphoneos;
				SWIFT_COMPILATION_MODE = wholemodule;
				VALIDATE_PRODUCT = YES;
			};
			name = Release;
		};
		54F45AC12DC3455E008D0A66 /* Debug */ = {
			isa = XCBuildConfiguration;
			buildSettings = {
				BUNDLE_LOADER = "$(TEST_HOST)";
				CODE_SIGN_STYLE = Automatic;
				CURRENT_PROJECT_VERSION = 1;
				GENERATE_INFOPLIST_FILE = YES;
				IPHONEOS_DEPLOYMENT_TARGET = 18.2;
				MARKETING_VERSION = 1.0;
				PRODUCT_BUNDLE_IDENTIFIER = com.nishant.ChatBotAppTests;
				PRODUCT_NAME = "$(TARGET_NAME)";
				SWIFT_EMIT_LOC_STRINGS = NO;
				SWIFT_VERSION = 5.0;
				TARGETED_DEVICE_FAMILY = "1,2";
				TEST_HOST = "$(BUILT_PRODUCTS_DIR)/ChatBotApp.app/$(BUNDLE_EXECUTABLE_FOLDER_PATH)/ChatBotApp";
			};
			name = Debug;
		};
		54F45AC22DC3455E008D0A66 /* Release */ = {
			isa = XCBuildConfiguration;
			buildSettings = {
				BUNDLE_LOADER = "$(TEST_HOST)";
				CODE_SIGN_STYLE = Automatic;
				CURRENT_PROJECT_VERSION = 1;
				GENERATE_INFOPLIST_FILE = YES;
				IPHONEOS_DEPLOYMENT_TARGET = 18.2;
				MARKETING_VERSION = 1.0;
				PRODUCT_BUNDLE_IDENTIFIER = com.nishant.ChatBotAppTests;
				PRODUCT_NAME = "$(TARGET_NAME)";
				SWIFT_EMIT_LOC_STRINGS = NO;
				SWIFT_VERSION = 5.0;
				TARGETED_DEVICE_FAMILY = "1,2";
				TEST_HOST = "$(BUILT_PRODUCTS_DIR)/ChatBotApp.app/$(BUNDLE_EXECUTABLE_FOLDER_PATH)/ChatBotApp";
			};
			name = Release;
		};
		54F45AC42DC3455E008D0A66 /* Debug */ = {
			isa = XCBuildConfiguration;
			buildSettings = {
				CODE_SIGN_STYLE = Automatic;
				CURRENT_PROJECT_VERSION = 1;
				GENERATE_INFOPLIST_FILE = YES;
				MARKETING_VERSION = 1.0;
				PRODUCT_BUNDLE_IDENTIFIER = com.nishant.ChatBotAppUITests;
				PRODUCT_NAME = "$(TARGET_NAME)";
				SWIFT_EMIT_LOC_STRINGS = NO;
				SWIFT_VERSION = 5.0;
				TARGETED_DEVICE_FAMILY = "1,2";
				TEST_TARGET_NAME = ChatBotApp;
			};
			name = Debug;
		};
		54F45AC52DC3455E008D0A66 /* Release */ = {
			isa = XCBuildConfiguration;
			buildSettings = {
				CODE_SIGN_STYLE = Automatic;
				CURRENT_PROJECT_VERSION = 1;
				GENERATE_INFOPLIST_FILE = YES;
				MARKETING_VERSION = 1.0;
				PRODUCT_BUNDLE_IDENTIFIER = com.nishant.ChatBotAppUITests;
				PRODUCT_NAME = "$(TARGET_NAME)";
				SWIFT_EMIT_LOC_STRINGS = NO;
				SWIFT_VERSION = 5.0;
				TARGETED_DEVICE_FAMILY = "1,2";
				TEST_TARGET_NAME = ChatBotApp;
			};
			name = Release;
		};
/* End XCBuildConfiguration section */

/* Begin XCConfigurationList section */
		54F45A8A2DC3455C008D0A66 /* Build configuration list for PBXProject "ChatBotApp" */ = {
			isa = XCConfigurationList;
			buildConfigurations = (
				54F45ABE2DC3455E008D0A66 /* Debug */,
				54F45ABF2DC3455E008D0A66 /* Release */,
			);
			defaultConfigurationIsVisible = 0;
			defaultConfigurationName = Release;
		};
		54F45ABB2DC3455E008D0A66 /* Build configuration list for PBXNativeTarget "ChatBotApp" */ = {
			isa = XCConfigurationList;
			buildConfigurations = (
				54F45ABC2DC3455E008D0A66 /* Debug */,
				54F45ABD2DC3455E008D0A66 /* Release */,
			);
			defaultConfigurationIsVisible = 0;
			defaultConfigurationName = Release;
		};
		54F45AC02DC3455E008D0A66 /* Build configuration list for PBXNativeTarget "ChatBotAppTests" */ = {
			isa = XCConfigurationList;
			buildConfigurations = (
				54F45AC12DC3455E008D0A66 /* Debug */,
				54F45AC22DC3455E008D0A66 /* Release */,
			);
			defaultConfigurationIsVisible = 0;
			defaultConfigurationName = Release;
		};
		54F45AC32DC3455E008D0A66 /* Build configuration list for PBXNativeTarget "ChatBotAppUITests" */ = {
			isa = XCConfigurationList;
			buildConfigurations = (
				54F45AC42DC3455E008D0A66 /* Debug */,
				54F45AC52DC3455E008D0A66 /* Release */,
			);
			defaultConfigurationIsVisible = 0;
			defaultConfigurationName = Release;
		};
/* End XCConfigurationList section */

/* Begin XCRemoteSwiftPackageReference section */
		542E77CB2DC3C48400A16B0A /* XCRemoteSwiftPackageReference "Reachability" */ = {
			isa = XCRemoteSwiftPackageReference;
			repositoryURL = "https://github.com/ashleymills/Reachability.swift";
			requirement = {
				branch = master;
				kind = branch;
			};
		};
/* End XCRemoteSwiftPackageReference section */

/* Begin XCSwiftPackageProductDependency section */
		542E77CC2DC3C48400A16B0A /* Reachability */ = {
			isa = XCSwiftPackageProductDependency;
			package = 542E77CB2DC3C48400A16B0A /* XCRemoteSwiftPackageReference "Reachability" */;
			productName = Reachability;
		};
/* End XCSwiftPackageProductDependency section */
	};
	rootObject = 54F45A872DC3455C008D0A66 /* Project object */;
}
